
Microsoft Visual Studio Solution File, Format Version 12.00
# Visual Studio Version 17
VisualStudioVersion = 17.14.36109.1
MinimumVisualStudioVersion = 10.0.40219.1
Project("{FAE04EC0-301F-11D3-BF4B-00C04F79EFBC}") = "Mahla-Blog.Web", "Mahla-Blog.Web\Mahla-Blog.Web.csproj", "{C19EF127-B345-4FF4-B2BB-C7299DFF8E56}"
EndProject
Project("{FAE04EC0-301F-11D3-BF4B-00C04F79EFBC}") = "Mahla-Blog.CoreLayer", "Mahla-Blog.DataLayer\Mahla-Blog.CoreLayer.csproj", "{F8ADD79A-656B-4CF9-93B4-95447B083921}"
EndProject
Project("{FAE04EC0-301F-11D3-BF4B-00C04F79EFBC}") = "Mahla-Blog-DataLayer", "Mahla-Blog-CoreLayer\Mahla-Blog-DataLayer.csproj", "{A4CFD694-0289-4F70-BEF4-1362D27053E8}"
EndProject
Global
	GlobalSection(SolutionConfigurationPlatforms) = preSolution
		Debug|Any CPU = Debug|Any CPU
		Release|Any CPU = Release|Any CPU
	EndGlobalSection
	GlobalSection(ProjectConfigurationPlatforms) = postSolution
		{C19EF127-B345-4FF4-B2BB-C7299DFF8E56}.Debug|Any CPU.ActiveCfg = Debug|Any CPU
		{C19EF127-B345-4FF4-B2BB-C7299DFF8E56}.Debug|Any CPU.Build.0 = Debug|Any CPU
		{C19EF127-B345-4FF4-B2BB-C7299DFF8E56}.Release|Any CPU.ActiveCfg = Release|Any CPU
		{C19EF127-B345-4FF4-B2BB-C7299DFF8E56}.Release|Any CPU.Build.0 = Release|Any CPU
		{F8ADD79A-656B-4CF9-93B4-95447B083921}.Debug|Any CPU.ActiveCfg = Debug|Any CPU
		{F8ADD79A-656B-4CF9-93B4-95447B083921}.Debug|Any CPU.Build.0 = Debug|Any CPU
		{F8ADD79A-656B-4CF9-93B4-95447B083921}.Release|Any CPU.ActiveCfg = Release|Any CPU
		{F8ADD79A-656B-4CF9-93B4-95447B083921}.Release|Any CPU.Build.0 = Release|Any CPU
		{A4CFD694-0289-4F70-BEF4-1362D27053E8}.Debug|Any CPU.ActiveCfg = Debug|Any CPU
		{A4CFD694-0289-4F70-BEF4-1362D27053E8}.Debug|Any CPU.Build.0 = Debug|Any CPU
		{A4CFD694-0289-4F70-BEF4-1362D27053E8}.Release|Any CPU.ActiveCfg = Release|Any CPU
		{A4CFD694-0289-4F70-BEF4-1362D27053E8}.Release|Any CPU.Build.0 = Release|Any CPU
	EndGlobalSection
	GlobalSection(SolutionProperties) = preSolution
		HideSolutionNode = FALSE
	EndGlobalSection
	GlobalSection(ExtensibilityGlobals) = postSolution
		SolutionGuid = {33111B3E-7062-4758-9F59-43F490E94B8D}
	EndGlobalSection
EndGlobal
